
Microsoft Visual Studio Solution File, Format Version 12.00
# Visual Studio 15
VisualStudioVersion = 15.0.26730.8
MinimumVisualStudioVersion = 10.0.40219.1
Project("{FAE04EC0-301F-11D3-BF4B-00C04F79EFBC}") = "AppOfHolding.Droid", "AppOfHolding\AppOfHolding.Droid.csproj", "{387D5288-FFC2-4078-A0B9-6EED33C3AD58}"
EndProject
Project("{FAE04EC0-301F-11D3-BF4B-00C04F79EFBC}") = "AppOfHolding.Core", "AppOfHolding.Core\AppOfHolding.Core.csproj", "{F63EAAD8-563E-4227-9F00-733F271C881E}"
EndProject
Global
	GlobalSection(SolutionConfigurationPlatforms) = preSolution
		Debug|Any CPU = Debug|Any CPU
		Release|Any CPU = Release|Any CPU
	EndGlobalSection
	GlobalSection(ProjectConfigurationPlatforms) = postSolution
		{387D5288-FFC2-4078-A0B9-6EED33C3AD58}.Debug|Any CPU.ActiveCfg = Debug|Any CPU
		{387D5288-FFC2-4078-A0B9-6EED33C3AD58}.Debug|Any CPU.Build.0 = Debug|Any CPU
		{387D5288-FFC2-4078-A0B9-6EED33C3AD58}.Debug|Any CPU.Deploy.0 = Debug|Any CPU
		{387D5288-FFC2-4078-A0B9-6EED33C3AD58}.Release|Any CPU.ActiveCfg = Release|Any CPU
		{387D5288-FFC2-4078-A0B9-6EED33C3AD58}.Release|Any CPU.Build.0 = Release|Any CPU
		{387D5288-FFC2-4078-A0B9-6EED33C3AD58}.Release|Any CPU.Deploy.0 = Release|Any CPU
		{F63EAAD8-563E-4227-9F00-733F271C881E}.Debug|Any CPU.ActiveCfg = Debug|Any CPU
		{F63EAAD8-563E-4227-9F00-733F271C881E}.Debug|Any CPU.Build.0 = Debug|Any CPU
		{F63EAAD8-563E-4227-9F00-733F271C881E}.Release|Any CPU.ActiveCfg = Release|Any CPU
		{F63EAAD8-563E-4227-9F00-733F271C881E}.Release|Any CPU.Build.0 = Release|Any CPU
	EndGlobalSection
	GlobalSection(SolutionProperties) = preSolution
		HideSolutionNode = FALSE
	EndGlobalSection
	GlobalSection(ExtensibilityGlobals) = postSolution
		SolutionGuid = {4C1388C6-C193-4797-B103-EB8E6B835873}
	EndGlobalSection
EndGlobal
